
Microsoft Visual Studio Solution File, Format Version 12.00
# Visual Studio 15
VisualStudioVersion = 15.0.28307.136
MinimumVisualStudioVersion = 10.0.40219.1
Project("{FAE04EC0-301F-11D3-BF4B-00C04F79EFBC}") = "Person", "Person\Person.csproj", "{DFDB81FC-838B-4DF6-B5F6-C67F237720F0}"
EndProject
Project("{FAE04EC0-301F-11D3-BF4B-00C04F79EFBC}") = "BookShop", "BookShop\BookShop.csproj", "{A0AF8718-774C-4846-BC9F-DCEA294C3DC8}"
EndProject
Project("{FAE04EC0-301F-11D3-BF4B-00C04F79EFBC}") = "Animals", "Animals\Animals.csproj", "{05C47AAA-977D-493B-AA19-897B062F28F9}"
EndProject
Project("{FAE04EC0-301F-11D3-BF4B-00C04F79EFBC}") = "OnlineRadioDatabase", "OnlineRadioDatabase\OnlineRadioDatabase.csproj", "{8EBC6654-3DFB-4109-BE1F-5DC19A2E798E}"
EndProject
Global
	GlobalSection(SolutionConfigurationPlatforms) = preSolution
		Debug|Any CPU = Debug|Any CPU
		Release|Any CPU = Release|Any CPU
	EndGlobalSection
	GlobalSection(ProjectConfigurationPlatforms) = postSolution
		{DFDB81FC-838B-4DF6-B5F6-C67F237720F0}.Debug|Any CPU.ActiveCfg = Debug|Any CPU
		{DFDB81FC-838B-4DF6-B5F6-C67F237720F0}.Debug|Any CPU.Build.0 = Debug|Any CPU
		{DFDB81FC-838B-4DF6-B5F6-C67F237720F0}.Release|Any CPU.ActiveCfg = Release|Any CPU
		{DFDB81FC-838B-4DF6-B5F6-C67F237720F0}.Release|Any CPU.Build.0 = Release|Any CPU
		{A0AF8718-774C-4846-BC9F-DCEA294C3DC8}.Debug|Any CPU.ActiveCfg = Debug|Any CPU
		{A0AF8718-774C-4846-BC9F-DCEA294C3DC8}.Debug|Any CPU.Build.0 = Debug|Any CPU
		{A0AF8718-774C-4846-BC9F-DCEA294C3DC8}.Release|Any CPU.ActiveCfg = Release|Any CPU
		{A0AF8718-774C-4846-BC9F-DCEA294C3DC8}.Release|Any CPU.Build.0 = Release|Any CPU
		{05C47AAA-977D-493B-AA19-897B062F28F9}.Debug|Any CPU.ActiveCfg = Debug|Any CPU
		{05C47AAA-977D-493B-AA19-897B062F28F9}.Debug|Any CPU.Build.0 = Debug|Any CPU
		{05C47AAA-977D-493B-AA19-897B062F28F9}.Release|Any CPU.ActiveCfg = Release|Any CPU
		{05C47AAA-977D-493B-AA19-897B062F28F9}.Release|Any CPU.Build.0 = Release|Any CPU
		{8EBC6654-3DFB-4109-BE1F-5DC19A2E798E}.Debug|Any CPU.ActiveCfg = Debug|Any CPU
		{8EBC6654-3DFB-4109-BE1F-5DC19A2E798E}.Debug|Any CPU.Build.0 = Debug|Any CPU
		{8EBC6654-3DFB-4109-BE1F-5DC19A2E798E}.Release|Any CPU.ActiveCfg = Release|Any CPU
		{8EBC6654-3DFB-4109-BE1F-5DC19A2E798E}.Release|Any CPU.Build.0 = Release|Any CPU
	EndGlobalSection
	GlobalSection(SolutionProperties) = preSolution
		HideSolutionNode = FALSE
	EndGlobalSection
	GlobalSection(ExtensibilityGlobals) = postSolution
		SolutionGuid = {AFFD963B-DDA7-4637-82E0-0DC6A32963B2}
	EndGlobalSection
EndGlobal
